
Microsoft Visual Studio Solution File, Format Version 12.00
# Visual Studio 15
VisualStudioVersion = 15.0.27130.2003
MinimumVisualStudioVersion = 10.0.40219.1
Project("{FAE04EC0-301F-11D3-BF4B-00C04F79EFBC}") = "ShareXAPI", "ShareXAPI\ShareXAPI.csproj", "{505B6924-1D7F-4154-B22B-B1B5657BEF84}"
EndProject
Global
	GlobalSection(SolutionConfigurationPlatforms) = preSolution
		Debug|Any CPU = Debug|Any CPU
		Release|Any CPU = Release|Any CPU
	EndGlobalSection
	GlobalSection(ProjectConfigurationPlatforms) = postSolution
		{505B6924-1D7F-4154-B22B-B1B5657BEF84}.Debug|Any CPU.ActiveCfg = Debug|Any CPU
		{505B6924-1D7F-4154-B22B-B1B5657BEF84}.Debug|Any CPU.Build.0 = Debug|Any CPU
		{505B6924-1D7F-4154-B22B-B1B5657BEF84}.Release|Any CPU.ActiveCfg = Release|Any CPU
		{505B6924-1D7F-4154-B22B-B1B5657BEF84}.Release|Any CPU.Build.0 = Release|Any CPU
	EndGlobalSection
	GlobalSection(SolutionProperties) = preSolution
		HideSolutionNode = FALSE
	EndGlobalSection
	GlobalSection(ExtensibilityGlobals) = postSolution
		SolutionGuid = {24DA3852-E58A-46AE-8C32-F2D212319C2B}
	EndGlobalSection
EndGlobal
